{
  "name": "phone-screen-halp",
  "version": "1.0.0",
  "lockfileVersion": 1,
  "requires": true,
  "dependencies": {
    "axios": {
      "version": "0.21.1",
      "resolved": "https://packages.atlassian.com/api/npm/npm-remote/axios/-/axios-0.21.1.tgz",
      "integrity": "sha1-IlY0gZYvTWvemnbVFu8OXTwJsrg=",
      "requires": {
        "follow-redirects": "^1.10.0"
      }
    },
    "follow-redirects": {
      "version": "1.13.3",
      "resolved": "https://packages.atlassian.com/api/npm/npm-remote/follow-redirects/-/follow-redirects-1.13.3.tgz",
      "integrity": "sha1-5VmK1QF0wbxOhyMB6CrCzZf5Amc="
    },
    "lodash": {
      "version": "4.17.21",
      "resolved": "https://packages.atlassian.com/api/npm/npm-remote/lodash/-/lodash-4.17.21.tgz",
      "integrity": "sha1-Z5WRxWTDv/quhFTPCz3zcMPWkRw="
    },
    "node-fetch": {
      "version": "2.6.1",
      "resolved": "https://packages.atlassian.com/api/npm/npm-remote/node-fetch/-/node-fetch-2.6.1.tgz",
      "integrity": "sha1-BFvTI2Mfdu0uK1VXM5RBa2OaAFI="
    },
    "underscore": {
      "version": "1.12.0",
      "resolved": "https://packages.atlassian.com/api/npm/npm-remote/underscore/-/underscore-1.12.0.tgz",
      "integrity": "sha1-SBSUBVH8gFh873hA0euw8WRTvpc="
    }
  }
}
